# THIS IS AN AUTOGENERATED FILE. DO NOT EDIT THIS FILE DIRECTLY.
# yarn lockfile v1


"@types/node@^12.7.2":
  version "12.7.2"
  resolved "https://registry.yarnpkg.com/@types/node/-/node-12.7.2.tgz#c4e63af5e8823ce9cc3f0b34f7b998c2171f0c44"
  integrity sha512-dyYO+f6ihZEtNPDcWNR1fkoTDf3zAK3lAABDze3mz6POyIercH0lEUawUFXlG8xaQZmm1yEBON/4TsYv/laDYg==

"@types/shimmer@^1.0.1":
  version "1.0.1"
  resolved "https://registry.yarnpkg.com/@types/shimmer/-/shimmer-1.0.1.tgz#b310df0b5bf466ab407aef6b9b47ea4fa0cf3788"
  integrity sha512-I9ouuzrWLcjM1wre7f0i780W3KHk5PxFAC5KOpvpOGNaTsaKLN8p7sqRh9THwV9cpdOA/YJC+yMhG1jonQFdRQ==

shimmer@^1.2.1:
  version "1.2.1"
  resolved "https://registry.yarnpkg.com/shimmer/-/shimmer-1.2.1.tgz#610859f7de327b587efebf501fb43117f9aff337"
  integrity sha512-sQTKC1Re/rM6XyFM6fIAGHRPVGvyXfgzIDvzoq608vM+jeyVD0Tu1E6Np0Kc2zAIFWIj963V2800iF/9LPieQw==
